schema: '2.0'
stages:
  preprocess_t10k:
    cmd: python data/transform_data.py -o data/processed/t10k-dataset data/raw/t10k-images-idx3-ubyte.gz
      data/raw/t10k-labels-idx1-ubyte.gz
    deps:
    - path: data/raw/t10k-images-idx3-ubyte.gz
      md5: 9fb629c4189551a2d022fa330f9573f3
      size: 1648877
    - path: data/raw/t10k-labels-idx1-ubyte.gz
      md5: ec29112dd5afa0611ce80d1b7f02629c
      size: 4542
    - path: data/transform_data.py
      md5: 4aa880d6614b283ca8a6f0b9316fecdf
      size: 2613
    outs:
    - path: data/processed/t10k-dataset.npz
      md5: 62b0c8976dd11064e62b9510cfdd81e6
      size: 63120510
  preprocess_train:
    cmd: python data/transform_data.py -o data/processed/train-dataset data/raw/train-images-idx3-ubyte.gz
      data/raw/train-labels-idx1-ubyte.gz
    deps:
    - path: data/raw/train-images-idx3-ubyte.gz
      md5: f68b3c2dcbeaaa9fbdd348bbdeb94873
      size: 9912422
    - path: data/raw/train-labels-idx1-ubyte.gz
      md5: d53e105ee54ea40749a09fcbcd1e9432
      size: 28881
    - path: data/transform_data.py
      md5: 4aa880d6614b283ca8a6f0b9316fecdf
      size: 2613
    outs:
    - path: data/processed/train-dataset.npz
      md5: 5b30a138185612842e056cef1269dcda
      size: 378720510
